
Microsoft Visual Studio Solution File, Format Version 12.00
# Visual Studio Version 16
VisualStudioVersion = 16.0.31515.178
MinimumVisualStudioVersion = 10.0.40219.1
Project("{FAE04EC0-301F-11D3-BF4B-00C04F79EFBC}") = "KleinesQuiz", "KleinesQuiz\KleinesQuiz.csproj", "{4E4EA46F-7351-471B-8EBA-473BDDDF0A9D}"
EndProject
Global
	GlobalSection(SolutionConfigurationPlatforms) = preSolution
		Debug|Any CPU = Debug|Any CPU
		Release|Any CPU = Release|Any CPU
	EndGlobalSection
	GlobalSection(ProjectConfigurationPlatforms) = postSolution
		{4E4EA46F-7351-471B-8EBA-473BDDDF0A9D}.Debug|Any CPU.ActiveCfg = Debug|Any CPU
		{4E4EA46F-7351-471B-8EBA-473BDDDF0A9D}.Debug|Any CPU.Build.0 = Debug|Any CPU
		{4E4EA46F-7351-471B-8EBA-473BDDDF0A9D}.Release|Any CPU.ActiveCfg = Release|Any CPU
		{4E4EA46F-7351-471B-8EBA-473BDDDF0A9D}.Release|Any CPU.Build.0 = Release|Any CPU
	EndGlobalSection
	GlobalSection(SolutionProperties) = preSolution
		HideSolutionNode = FALSE
	EndGlobalSection
	GlobalSection(ExtensibilityGlobals) = postSolution
		SolutionGuid = {CFA5E9F5-D72F-4B56-ABAD-A6C137B0F377}
	EndGlobalSection
EndGlobal
